
Microsoft Visual Studio Solution File, Format Version 12.00
# Visual Studio Version 17
VisualStudioVersion = 17.11.35431.28
MinimumVisualStudioVersion = 10.0.40219.1
Project("{9A19103F-16F7-4668-BE54-9A1E7A4F7556}") = "GrpcSandbox.Services", "GrpcSandbox.Services\GrpcSandbox.Services.csproj", "{12A1496F-5F4F-4620-A11E-E30B75737EC9}"
EndProject
Project("{2150E333-8FDC-42A3-9474-1A3956D46DE8}") = "Solution Items", "Solution Items", "{263025A6-C469-43B3-8BAD-AFF7EF9C64FF}"
	ProjectSection(SolutionItems) = preProject
		Dockerfile = Dockerfile
	EndProjectSection
EndProject
Global
	GlobalSection(SolutionConfigurationPlatforms) = preSolution
		Debug|Any CPU = Debug|Any CPU
		Release|Any CPU = Release|Any CPU
	EndGlobalSection
	GlobalSection(ProjectConfigurationPlatforms) = postSolution
		{12A1496F-5F4F-4620-A11E-E30B75737EC9}.Debug|Any CPU.ActiveCfg = Debug|Any CPU
		{12A1496F-5F4F-4620-A11E-E30B75737EC9}.Debug|Any CPU.Build.0 = Debug|Any CPU
		{12A1496F-5F4F-4620-A11E-E30B75737EC9}.Release|Any CPU.ActiveCfg = Release|Any CPU
		{12A1496F-5F4F-4620-A11E-E30B75737EC9}.Release|Any CPU.Build.0 = Release|Any CPU
	EndGlobalSection
	GlobalSection(SolutionProperties) = preSolution
		HideSolutionNode = FALSE
	EndGlobalSection
	GlobalSection(ExtensibilityGlobals) = postSolution
		SolutionGuid = {EE980D47-2720-4C0F-A613-F284F9469669}
	EndGlobalSection
EndGlobal
